
Microsoft Visual Studio Solution File, Format Version 12.00
# Visual Studio 15
Project("{FAE04EC0-301F-11D3-BF4B-00C04F79EFBC}") = "UnityEngine.TestRunner", "UnityEngine.TestRunner.csproj", "{79454A73-D549-99A8-D9DF-4B5F20284B91}"
EndProject
Project("{FAE04EC0-301F-11D3-BF4B-00C04F79EFBC}") = "Unity.Mathematics", "Unity.Mathematics.csproj", "{A375249A-48CD-4440-F049-19BD5C0AB1D1}"
EndProject
Project("{FAE04EC0-301F-11D3-BF4B-00C04F79EFBC}") = "Unity.Timeline", "Unity.Timeline.csproj", "{95216C36-5B71-8C28-90E7-951EC0EE1C7B}"
EndProject
Project("{FAE04EC0-301F-11D3-BF4B-00C04F79EFBC}") = "Assembly-CSharp-firstpass", "Assembly-CSharp-firstpass.csproj", "{16B64D18-F417-11BC-5A2F-A9DA327B0292}"
EndProject
Project("{FAE04EC0-301F-11D3-BF4B-00C04F79EFBC}") = "UnityEngine.UI", "UnityEngine.UI.csproj", "{97D21813-44E6-C918-4530-9282A4624F40}"
EndProject
Project("{FAE04EC0-301F-11D3-BF4B-00C04F79EFBC}") = "Assembly-CSharp", "Assembly-CSharp.csproj", "{9E519C17-B265-133B-CC56-F758DB8FBBB3}"
EndProject
Project("{FAE04EC0-301F-11D3-BF4B-00C04F79EFBC}") = "Unity.TextMeshPro", "Unity.TextMeshPro.csproj", "{E46E19AB-B87C-E1E9-20D6-240C83114628}"
EndProject
Project("{FAE04EC0-301F-11D3-BF4B-00C04F79EFBC}") = "Unity.2D.Animation.Runtime", "Unity.2D.Animation.Runtime.csproj", "{3292FF3B-BD09-EF60-6048-187B1019074A}"
EndProject
Project("{FAE04EC0-301F-11D3-BF4B-00C04F79EFBC}") = "Unity.2D.IK.Runtime", "Unity.2D.IK.Runtime.csproj", "{8F54939F-25D0-5101-AB4F-238AAE638624}"
EndProject
Project("{FAE04EC0-301F-11D3-BF4B-00C04F79EFBC}") = "Unity.2D.SpriteShape.Runtime", "Unity.2D.SpriteShape.Runtime.csproj", "{E2E32BBA-8A82-7B9A-DD76-4A3E0E4A078A}"
EndProject
Project("{FAE04EC0-301F-11D3-BF4B-00C04F79EFBC}") = "Unity.2D.PixelPerfect", "Unity.2D.PixelPerfect.csproj", "{37E0DDF9-1525-9E25-CC0A-4897F3F8E5D4}"
EndProject
Project("{FAE04EC0-301F-11D3-BF4B-00C04F79EFBC}") = "Unity.2D.Common.Runtime", "Unity.2D.Common.Runtime.csproj", "{734D0605-F2F1-4EC3-B83E-FA4E4CD57ADE}"
EndProject
Project("{FAE04EC0-301F-11D3-BF4B-00C04F79EFBC}") = "Unity.InternalAPIEngineBridge.001", "Unity.InternalAPIEngineBridge.001.csproj", "{2D862585-EB7B-0ECC-3E39-09EF9C719244}"
EndProject
Project("{FAE04EC0-301F-11D3-BF4B-00C04F79EFBC}") = "UnityEditor.TestRunner", "UnityEditor.TestRunner.csproj", "{3498E365-1EDC-768F-C546-B30E9FBE9C80}"
EndProject
Project("{FAE04EC0-301F-11D3-BF4B-00C04F79EFBC}") = "Unity.PlasticSCM.Editor", "Unity.PlasticSCM.Editor.csproj", "{439C7ED3-DFA5-4425-1CE7-656C00C73C7B}"
EndProject
Project("{FAE04EC0-301F-11D3-BF4B-00C04F79EFBC}") = "Unity.2D.Animation.Triangle.Editor", "Unity.2D.Animation.Triangle.Editor.csproj", "{D8A4F114-C493-9FAD-F82E-7E7C0DB900C1}"
EndProject
Project("{FAE04EC0-301F-11D3-BF4B-00C04F79EFBC}") = "UnityEditor.UI", "UnityEditor.UI.csproj", "{7DA664A4-EFDD-AB31-40BD-FB084DD7C7F9}"
EndProject
Project("{FAE04EC0-301F-11D3-BF4B-00C04F79EFBC}") = "Unity.Timeline.Editor", "Unity.Timeline.Editor.csproj", "{0140A423-868E-215B-0D22-7C7AE3060B11}"
EndProject
Project("{FAE04EC0-301F-11D3-BF4B-00C04F79EFBC}") = "Unity.VisualStudio.Editor", "Unity.VisualStudio.Editor.csproj", "{1C5C154A-1F29-5C84-3EDA-0190396200CA}"
EndProject
Project("{FAE04EC0-301F-11D3-BF4B-00C04F79EFBC}") = "Unity.2D.Psdimporter.Editor", "Unity.2D.Psdimporter.Editor.csproj", "{B24668A6-7C47-C7B6-B779-F3856BFBEC01}"
EndProject
Project("{FAE04EC0-301F-11D3-BF4B-00C04F79EFBC}") = "Unity.2D.Animation.Editor", "Unity.2D.Animation.Editor.csproj", "{2265F5C4-1C58-E021-9C16-DCAB1C2CD6F4}"
EndProject
Project("{FAE04EC0-301F-11D3-BF4B-00C04F79EFBC}") = "Unity.TextMeshPro.Editor", "Unity.TextMeshPro.Editor.csproj", "{7D76FD9C-AD13-F54B-69DA-A584A6830E48}"
EndProject
Project("{FAE04EC0-301F-11D3-BF4B-00C04F79EFBC}") = "Unity.2D.SpriteShape.Editor", "Unity.2D.SpriteShape.Editor.csproj", "{01CC45AF-CBB7-12D5-5BBC-3FF4460B6C0C}"
EndProject
Project("{FAE04EC0-301F-11D3-BF4B-00C04F79EFBC}") = "PsdPlugin", "PsdPlugin.csproj", "{4AB02A51-EDC6-87BC-F9D5-36FD52FC406E}"
EndProject
Project("{FAE04EC0-301F-11D3-BF4B-00C04F79EFBC}") = "Unity.2D.Path.Editor", "Unity.2D.Path.Editor.csproj", "{7533DC4C-8C96-C11D-9F78-84F5F0F60561}"
EndProject
Project("{FAE04EC0-301F-11D3-BF4B-00C04F79EFBC}") = "Unity.Rider.Editor", "Unity.Rider.Editor.csproj", "{4CD0E12D-3A33-3A62-F9A1-4D80ABC08311}"
EndProject
Project("{FAE04EC0-301F-11D3-BF4B-00C04F79EFBC}") = "Unity.DeviceSimulator.Editor", "Unity.DeviceSimulator.Editor.csproj", "{16347E4A-42E8-77A9-96D3-DFA306A6AC56}"
EndProject
Project("{FAE04EC0-301F-11D3-BF4B-00C04F79EFBC}") = "Unity.2D.IK.Editor", "Unity.2D.IK.Editor.csproj", "{BA2363AE-F8F8-B3BC-DEC1-BDC93AC496ED}"
EndProject
Project("{FAE04EC0-301F-11D3-BF4B-00C04F79EFBC}") = "Unity.2D.Sprite.Editor", "Unity.2D.Sprite.Editor.csproj", "{44ACB752-7FAD-F540-7D2E-E973412275BE}"
EndProject
Project("{FAE04EC0-301F-11D3-BF4B-00C04F79EFBC}") = "Unity.2D.Tilemap.Editor", "Unity.2D.Tilemap.Editor.csproj", "{4A55C0B2-68F6-4F0C-70CA-B67B21494D78}"
EndProject
Project("{FAE04EC0-301F-11D3-BF4B-00C04F79EFBC}") = "Unity.2D.PixelPerfect.Editor", "Unity.2D.PixelPerfect.Editor.csproj", "{DB2A7F12-A173-28FA-6829-315975206EAF}"
EndProject
Project("{FAE04EC0-301F-11D3-BF4B-00C04F79EFBC}") = "Unity.VSCode.Editor", "Unity.VSCode.Editor.csproj", "{77B04C87-4ABD-23AE-8F7D-BC18B02A59AF}"
EndProject
Project("{FAE04EC0-301F-11D3-BF4B-00C04F79EFBC}") = "Unity.2D.Common.Editor", "Unity.2D.Common.Editor.csproj", "{EA4BF9FA-7046-826E-D21D-878714A66E6A}"
EndProject
Project("{FAE04EC0-301F-11D3-BF4B-00C04F79EFBC}") = "Unity.Mathematics.Editor", "Unity.Mathematics.Editor.csproj", "{A4A3F8DF-0B84-9103-AF95-AEEDF5FD18D6}"
EndProject
Project("{FAE04EC0-301F-11D3-BF4B-00C04F79EFBC}") = "Unity.CollabProxy.Editor", "Unity.CollabProxy.Editor.csproj", "{8ABCE6F5-24DA-15BD-7872-F0966A8EB203}"
EndProject
Project("{FAE04EC0-301F-11D3-BF4B-00C04F79EFBC}") = "Unity.InternalAPIEditorBridge.001", "Unity.InternalAPIEditorBridge.001.csproj", "{EC4F6188-863C-8A44-B5D4-6AFB862FDE86}"
EndProject
Project("{FAE04EC0-301F-11D3-BF4B-00C04F79EFBC}") = "Assembly-CSharp-Editor-firstpass", "Assembly-CSharp-Editor-firstpass.csproj", "{4F4B9195-FEE7-9685-7B88-0A8CA774DA0C}"
EndProject
Project("{FAE04EC0-301F-11D3-BF4B-00C04F79EFBC}") = "UnityEngine.TestRunner", "UnityEngine.TestRunner.Player.csproj", "{56AADA94-CFD3-66A3-8E07-AC0B84BC49DF}"
EndProject
Project("{FAE04EC0-301F-11D3-BF4B-00C04F79EFBC}") = "Unity.Mathematics", "Unity.Mathematics.Player.csproj", "{E6798AA2-038A-7315-FF4F-C2CB4CE37F46}"
EndProject
Project("{FAE04EC0-301F-11D3-BF4B-00C04F79EFBC}") = "Unity.Timeline", "Unity.Timeline.Player.csproj", "{9B86F7BB-8E67-75F3-63A3-FDE6926788ED}"
EndProject
Project("{FAE04EC0-301F-11D3-BF4B-00C04F79EFBC}") = "Assembly-CSharp-firstpass", "Assembly-CSharp-firstpass.Player.csproj", "{0AC77550-D7A8-E320-7FCE-3E5E7C1E378A}"
EndProject
Project("{FAE04EC0-301F-11D3-BF4B-00C04F79EFBC}") = "UnityEngine.UI", "UnityEngine.UI.Player.csproj", "{724C2E7A-53D3-1B08-144A-C1E06EAF7930}"
EndProject
Project("{FAE04EC0-301F-11D3-BF4B-00C04F79EFBC}") = "Assembly-CSharp", "Assembly-CSharp.Player.csproj", "{4B4D7676-D2BD-EED9-1A50-7FE45320566C}"
EndProject
Project("{FAE04EC0-301F-11D3-BF4B-00C04F79EFBC}") = "Unity.TextMeshPro", "Unity.TextMeshPro.Player.csproj", "{B8BE09E3-8D0E-8FDE-BA03-69B6823DFB03}"
EndProject
Project("{FAE04EC0-301F-11D3-BF4B-00C04F79EFBC}") = "Unity.2D.Animation.Runtime", "Unity.2D.Animation.Runtime.Player.csproj", "{B2ABEF8D-3D6F-73B3-A2EA-2B15C3570D30}"
EndProject
Project("{FAE04EC0-301F-11D3-BF4B-00C04F79EFBC}") = "Unity.2D.IK.Runtime", "Unity.2D.IK.Runtime.Player.csproj", "{0D4FF5F1-F131-2838-D40C-F2B0C1F52C7B}"
EndProject
Project("{FAE04EC0-301F-11D3-BF4B-00C04F79EFBC}") = "Unity.2D.SpriteShape.Runtime", "Unity.2D.SpriteShape.Runtime.Player.csproj", "{5215A706-1A49-68BA-762C-2E34AE80BEA3}"
EndProject
Project("{FAE04EC0-301F-11D3-BF4B-00C04F79EFBC}") = "Unity.2D.PixelPerfect", "Unity.2D.PixelPerfect.Player.csproj", "{9A3AF270-6C1C-3CEA-62BF-9584B0F5BDDC}"
EndProject
Project("{FAE04EC0-301F-11D3-BF4B-00C04F79EFBC}") = "Unity.2D.Common.Runtime", "Unity.2D.Common.Runtime.Player.csproj", "{DA312D63-C500-AB0F-D289-3907EA117D91}"
EndProject
Project("{FAE04EC0-301F-11D3-BF4B-00C04F79EFBC}") = "Unity.InternalAPIEngineBridge.001", "Unity.InternalAPIEngineBridge.001.Player.csproj", "{FB30A7EE-EE03-CD3C-76D5-44A28C77475A}"
EndProject
Global
	GlobalSection(SolutionConfigurationPlatforms) = preSolution
		Debug|Any CPU = Debug|Any CPU
		Release|Any CPU = Release|Any CPU
	EndGlobalSection
	GlobalSection(ProjectConfigurationPlatforms) = postSolution
		{79454A73-D549-99A8-D9DF-4B5F20284B91}.Debug|Any CPU.ActiveCfg = Debug|Any CPU
		{79454A73-D549-99A8-D9DF-4B5F20284B91}.Debug|Any CPU.Build.0 = Debug|Any CPU
		{79454A73-D549-99A8-D9DF-4B5F20284B91}.Release|Any CPU.ActiveCfg = Release|Any CPU
		{79454A73-D549-99A8-D9DF-4B5F20284B91}.Release|Any CPU.Build.0 = Release|Any CPU
		{A375249A-48CD-4440-F049-19BD5C0AB1D1}.Debug|Any CPU.ActiveCfg = Debug|Any CPU
		{A375249A-48CD-4440-F049-19BD5C0AB1D1}.Debug|Any CPU.Build.0 = Debug|Any CPU
		{A375249A-48CD-4440-F049-19BD5C0AB1D1}.Release|Any CPU.ActiveCfg = Release|Any CPU
		{A375249A-48CD-4440-F049-19BD5C0AB1D1}.Release|Any CPU.Build.0 = Release|Any CPU
		{95216C36-5B71-8C28-90E7-951EC0EE1C7B}.Debug|Any CPU.ActiveCfg = Debug|Any CPU
		{95216C36-5B71-8C28-90E7-951EC0EE1C7B}.Debug|Any CPU.Build.0 = Debug|Any CPU
		{95216C36-5B71-8C28-90E7-951EC0EE1C7B}.Release|Any CPU.ActiveCfg = Release|Any CPU
		{95216C36-5B71-8C28-90E7-951EC0EE1C7B}.Release|Any CPU.Build.0 = Release|Any CPU
		{16B64D18-F417-11BC-5A2F-A9DA327B0292}.Debug|Any CPU.ActiveCfg = Debug|Any CPU
		{16B64D18-F417-11BC-5A2F-A9DA327B0292}.Debug|Any CPU.Build.0 = Debug|Any CPU
		{16B64D18-F417-11BC-5A2F-A9DA327B0292}.Release|Any CPU.ActiveCfg = Release|Any CPU
		{16B64D18-F417-11BC-5A2F-A9DA327B0292}.Release|Any CPU.Build.0 = Release|Any CPU
		{97D21813-44E6-C918-4530-9282A4624F40}.Debug|Any CPU.ActiveCfg = Debug|Any CPU
		{97D21813-44E6-C918-4530-9282A4624F40}.Debug|Any CPU.Build.0 = Debug|Any CPU
		{97D21813-44E6-C918-4530-9282A4624F40}.Release|Any CPU.ActiveCfg = Release|Any CPU
		{97D21813-44E6-C918-4530-9282A4624F40}.Release|Any CPU.Build.0 = Release|Any CPU
		{9E519C17-B265-133B-CC56-F758DB8FBBB3}.Debug|Any CPU.ActiveCfg = Debug|Any CPU
		{9E519C17-B265-133B-CC56-F758DB8FBBB3}.Debug|Any CPU.Build.0 = Debug|Any CPU
		{9E519C17-B265-133B-CC56-F758DB8FBBB3}.Release|Any CPU.ActiveCfg = Release|Any CPU
		{9E519C17-B265-133B-CC56-F758DB8FBBB3}.Release|Any CPU.Build.0 = Release|Any CPU
		{E46E19AB-B87C-E1E9-20D6-240C83114628}.Debug|Any CPU.ActiveCfg = Debug|Any CPU
		{E46E19AB-B87C-E1E9-20D6-240C83114628}.Debug|Any CPU.Build.0 = Debug|Any CPU
		{E46E19AB-B87C-E1E9-20D6-240C83114628}.Release|Any CPU.ActiveCfg = Release|Any CPU
		{E46E19AB-B87C-E1E9-20D6-240C83114628}.Release|Any CPU.Build.0 = Release|Any CPU
		{3292FF3B-BD09-EF60-6048-187B1019074A}.Debug|Any CPU.ActiveCfg = Debug|Any CPU
		{3292FF3B-BD09-EF60-6048-187B1019074A}.Debug|Any CPU.Build.0 = Debug|Any CPU
		{3292FF3B-BD09-EF60-6048-187B1019074A}.Release|Any CPU.ActiveCfg = Release|Any CPU
		{3292FF3B-BD09-EF60-6048-187B1019074A}.Release|Any CPU.Build.0 = Release|Any CPU
		{8F54939F-25D0-5101-AB4F-238AAE638624}.Debug|Any CPU.ActiveCfg = Debug|Any CPU
		{8F54939F-25D0-5101-AB4F-238AAE638624}.Debug|Any CPU.Build.0 = Debug|Any CPU
		{8F54939F-25D0-5101-AB4F-238AAE638624}.Release|Any CPU.ActiveCfg = Release|Any CPU
		{8F54939F-25D0-5101-AB4F-238AAE638624}.Release|Any CPU.Build.0 = Release|Any CPU
		{E2E32BBA-8A82-7B9A-DD76-4A3E0E4A078A}.Debug|Any CPU.ActiveCfg = Debug|Any CPU
		{E2E32BBA-8A82-7B9A-DD76-4A3E0E4A078A}.Debug|Any CPU.Build.0 = Debug|Any CPU
		{E2E32BBA-8A82-7B9A-DD76-4A3E0E4A078A}.Release|Any CPU.ActiveCfg = Release|Any CPU
		{E2E32BBA-8A82-7B9A-DD76-4A3E0E4A078A}.Release|Any CPU.Build.0 = Release|Any CPU
		{37E0DDF9-1525-9E25-CC0A-4897F3F8E5D4}.Debug|Any CPU.ActiveCfg = Debug|Any CPU
		{37E0DDF9-1525-9E25-CC0A-4897F3F8E5D4}.Debug|Any CPU.Build.0 = Debug|Any CPU
		{37E0DDF9-1525-9E25-CC0A-4897F3F8E5D4}.Release|Any CPU.ActiveCfg = Release|Any CPU
		{37E0DDF9-1525-9E25-CC0A-4897F3F8E5D4}.Release|Any CPU.Build.0 = Release|Any CPU
		{734D0605-F2F1-4EC3-B83E-FA4E4CD57ADE}.Debug|Any CPU.ActiveCfg = Debug|Any CPU
		{734D0605-F2F1-4EC3-B83E-FA4E4CD57ADE}.Debug|Any CPU.Build.0 = Debug|Any CPU
		{734D0605-F2F1-4EC3-B83E-FA4E4CD57ADE}.Release|Any CPU.ActiveCfg = Release|Any CPU
		{734D0605-F2F1-4EC3-B83E-FA4E4CD57ADE}.Release|Any CPU.Build.0 = Release|Any CPU
		{2D862585-EB7B-0ECC-3E39-09EF9C719244}.Debug|Any CPU.ActiveCfg = Debug|Any CPU
		{2D862585-EB7B-0ECC-3E39-09EF9C719244}.Debug|Any CPU.Build.0 = Debug|Any CPU
		{2D862585-EB7B-0ECC-3E39-09EF9C719244}.Release|Any CPU.ActiveCfg = Release|Any CPU
		{2D862585-EB7B-0ECC-3E39-09EF9C719244}.Release|Any CPU.Build.0 = Release|Any CPU
		{3498E365-1EDC-768F-C546-B30E9FBE9C80}.Debug|Any CPU.ActiveCfg = Debug|Any CPU
		{3498E365-1EDC-768F-C546-B30E9FBE9C80}.Debug|Any CPU.Build.0 = Debug|Any CPU
		{3498E365-1EDC-768F-C546-B30E9FBE9C80}.Release|Any CPU.ActiveCfg = Release|Any CPU
		{3498E365-1EDC-768F-C546-B30E9FBE9C80}.Release|Any CPU.Build.0 = Release|Any CPU
		{439C7ED3-DFA5-4425-1CE7-656C00C73C7B}.Debug|Any CPU.ActiveCfg = Debug|Any CPU
		{439C7ED3-DFA5-4425-1CE7-656C00C73C7B}.Debug|Any CPU.Build.0 = Debug|Any CPU
		{439C7ED3-DFA5-4425-1CE7-656C00C73C7B}.Release|Any CPU.ActiveCfg = Release|Any CPU
		{439C7ED3-DFA5-4425-1CE7-656C00C73C7B}.Release|Any CPU.Build.0 = Release|Any CPU
		{D8A4F114-C493-9FAD-F82E-7E7C0DB900C1}.Debug|Any CPU.ActiveCfg = Debug|Any CPU
		{D8A4F114-C493-9FAD-F82E-7E7C0DB900C1}.Debug|Any CPU.Build.0 = Debug|Any CPU
		{D8A4F114-C493-9FAD-F82E-7E7C0DB900C1}.Release|Any CPU.ActiveCfg = Release|Any CPU
		{D8A4F114-C493-9FAD-F82E-7E7C0DB900C1}.Release|Any CPU.Build.0 = Release|Any CPU
		{7DA664A4-EFDD-AB31-40BD-FB084DD7C7F9}.Debug|Any CPU.ActiveCfg = Debug|Any CPU
		{7DA664A4-EFDD-AB31-40BD-FB084DD7C7F9}.Debug|Any CPU.Build.0 = Debug|Any CPU
		{7DA664A4-EFDD-AB31-40BD-FB084DD7C7F9}.Release|Any CPU.ActiveCfg = Release|Any CPU
		{7DA664A4-EFDD-AB31-40BD-FB084DD7C7F9}.Release|Any CPU.Build.0 = Release|Any CPU
		{0140A423-868E-215B-0D22-7C7AE3060B11}.Debug|Any CPU.ActiveCfg = Debug|Any CPU
		{0140A423-868E-215B-0D22-7C7AE3060B11}.Debug|Any CPU.Build.0 = Debug|Any CPU
		{0140A423-868E-215B-0D22-7C7AE3060B11}.Release|Any CPU.ActiveCfg = Release|Any CPU
		{0140A423-868E-215B-0D22-7C7AE3060B11}.Release|Any CPU.Build.0 = Release|Any CPU
		{1C5C154A-1F29-5C84-3EDA-0190396200CA}.Debug|Any CPU.ActiveCfg = Debug|Any CPU
		{1C5C154A-1F29-5C84-3EDA-0190396200CA}.Debug|Any CPU.Build.0 = Debug|Any CPU
		{1C5C154A-1F29-5C84-3EDA-0190396200CA}.Release|Any CPU.ActiveCfg = Release|Any CPU
		{1C5C154A-1F29-5C84-3EDA-0190396200CA}.Release|Any CPU.Build.0 = Release|Any CPU
		{B24668A6-7C47-C7B6-B779-F3856BFBEC01}.Debug|Any CPU.ActiveCfg = Debug|Any CPU
		{B24668A6-7C47-C7B6-B779-F3856BFBEC01}.Debug|Any CPU.Build.0 = Debug|Any CPU
		{B24668A6-7C47-C7B6-B779-F3856BFBEC01}.Release|Any CPU.ActiveCfg = Release|Any CPU
		{B24668A6-7C47-C7B6-B779-F3856BFBEC01}.Release|Any CPU.Build.0 = Release|Any CPU
		{2265F5C4-1C58-E021-9C16-DCAB1C2CD6F4}.Debug|Any CPU.ActiveCfg = Debug|Any CPU
		{2265F5C4-1C58-E021-9C16-DCAB1C2CD6F4}.Debug|Any CPU.Build.0 = Debug|Any CPU
		{2265F5C4-1C58-E021-9C16-DCAB1C2CD6F4}.Release|Any CPU.ActiveCfg = Release|Any CPU
		{2265F5C4-1C58-E021-9C16-DCAB1C2CD6F4}.Release|Any CPU.Build.0 = Release|Any CPU
		{7D76FD9C-AD13-F54B-69DA-A584A6830E48}.Debug|Any CPU.ActiveCfg = Debug|Any CPU
		{7D76FD9C-AD13-F54B-69DA-A584A6830E48}.Debug|Any CPU.Build.0 = Debug|Any CPU
		{7D76FD9C-AD13-F54B-69DA-A584A6830E48}.Release|Any CPU.ActiveCfg = Release|Any CPU
		{7D76FD9C-AD13-F54B-69DA-A584A6830E48}.Release|Any CPU.Build.0 = Release|Any CPU
		{01CC45AF-CBB7-12D5-5BBC-3FF4460B6C0C}.Debug|Any CPU.ActiveCfg = Debug|Any CPU
		{01CC45AF-CBB7-12D5-5BBC-3FF4460B6C0C}.Debug|Any CPU.Build.0 = Debug|Any CPU
		{01CC45AF-CBB7-12D5-5BBC-3FF4460B6C0C}.Release|Any CPU.ActiveCfg = Release|Any CPU
		{01CC45AF-CBB7-12D5-5BBC-3FF4460B6C0C}.Release|Any CPU.Build.0 = Release|Any CPU
		{4AB02A51-EDC6-87BC-F9D5-36FD52FC406E}.Debug|Any CPU.ActiveCfg = Debug|Any CPU
		{4AB02A51-EDC6-87BC-F9D5-36FD52FC406E}.Debug|Any CPU.Build.0 = Debug|Any CPU
		{4AB02A51-EDC6-87BC-F9D5-36FD52FC406E}.Release|Any CPU.ActiveCfg = Release|Any CPU
		{4AB02A51-EDC6-87BC-F9D5-36FD52FC406E}.Release|Any CPU.Build.0 = Release|Any CPU
		{7533DC4C-8C96-C11D-9F78-84F5F0F60561}.Debug|Any CPU.ActiveCfg = Debug|Any CPU
		{7533DC4C-8C96-C11D-9F78-84F5F0F60561}.Debug|Any CPU.Build.0 = Debug|Any CPU
		{7533DC4C-8C96-C11D-9F78-84F5F0F60561}.Release|Any CPU.ActiveCfg = Release|Any CPU
		{7533DC4C-8C96-C11D-9F78-84F5F0F60561}.Release|Any CPU.Build.0 = Release|Any CPU
		{4CD0E12D-3A33-3A62-F9A1-4D80ABC08311}.Debug|Any CPU.ActiveCfg = Debug|Any CPU
		{4CD0E12D-3A33-3A62-F9A1-4D80ABC08311}.Debug|Any CPU.Build.0 = Debug|Any CPU
		{4CD0E12D-3A33-3A62-F9A1-4D80ABC08311}.Release|Any CPU.ActiveCfg = Release|Any CPU
		{4CD0E12D-3A33-3A62-F9A1-4D80ABC08311}.Release|Any CPU.Build.0 = Release|Any CPU
		{16347E4A-42E8-77A9-96D3-DFA306A6AC56}.Debug|Any CPU.ActiveCfg = Debug|Any CPU
		{16347E4A-42E8-77A9-96D3-DFA306A6AC56}.Debug|Any CPU.Build.0 = Debug|Any CPU
		{16347E4A-42E8-77A9-96D3-DFA306A6AC56}.Release|Any CPU.ActiveCfg = Release|Any CPU
		{16347E4A-42E8-77A9-96D3-DFA306A6AC56}.Release|Any CPU.Build.0 = Release|Any CPU
		{BA2363AE-F8F8-B3BC-DEC1-BDC93AC496ED}.Debug|Any CPU.ActiveCfg = Debug|Any CPU
		{BA2363AE-F8F8-B3BC-DEC1-BDC93AC496ED}.Debug|Any CPU.Build.0 = Debug|Any CPU
		{BA2363AE-F8F8-B3BC-DEC1-BDC93AC496ED}.Release|Any CPU.ActiveCfg = Release|Any CPU
		{BA2363AE-F8F8-B3BC-DEC1-BDC93AC496ED}.Release|Any CPU.Build.0 = Release|Any CPU
		{44ACB752-7FAD-F540-7D2E-E973412275BE}.Debug|Any CPU.ActiveCfg = Debug|Any CPU
		{44ACB752-7FAD-F540-7D2E-E973412275BE}.Debug|Any CPU.Build.0 = Debug|Any CPU
		{44ACB752-7FAD-F540-7D2E-E973412275BE}.Release|Any CPU.ActiveCfg = Release|Any CPU
		{44ACB752-7FAD-F540-7D2E-E973412275BE}.Release|Any CPU.Build.0 = Release|Any CPU
		{4A55C0B2-68F6-4F0C-70CA-B67B21494D78}.Debug|Any CPU.ActiveCfg = Debug|Any CPU
		{4A55C0B2-68F6-4F0C-70CA-B67B21494D78}.Debug|Any CPU.Build.0 = Debug|Any CPU
		{4A55C0B2-68F6-4F0C-70CA-B67B21494D78}.Release|Any CPU.ActiveCfg = Release|Any CPU
		{4A55C0B2-68F6-4F0C-70CA-B67B21494D78}.Release|Any CPU.Build.0 = Release|Any CPU
		{DB2A7F12-A173-28FA-6829-315975206EAF}.Debug|Any CPU.ActiveCfg = Debug|Any CPU
		{DB2A7F12-A173-28FA-6829-315975206EAF}.Debug|Any CPU.Build.0 = Debug|Any CPU
		{DB2A7F12-A173-28FA-6829-315975206EAF}.Release|Any CPU.ActiveCfg = Release|Any CPU
		{DB2A7F12-A173-28FA-6829-315975206EAF}.Release|Any CPU.Build.0 = Release|Any CPU
		{77B04C87-4ABD-23AE-8F7D-BC18B02A59AF}.Debug|Any CPU.ActiveCfg = Debug|Any CPU
		{77B04C87-4ABD-23AE-8F7D-BC18B02A59AF}.Debug|Any CPU.Build.0 = Debug|Any CPU
		{77B04C87-4ABD-23AE-8F7D-BC18B02A59AF}.Release|Any CPU.ActiveCfg = Release|Any CPU
		{77B04C87-4ABD-23AE-8F7D-BC18B02A59AF}.Release|Any CPU.Build.0 = Release|Any CPU
		{EA4BF9FA-7046-826E-D21D-878714A66E6A}.Debug|Any CPU.ActiveCfg = Debug|Any CPU
		{EA4BF9FA-7046-826E-D21D-878714A66E6A}.Debug|Any CPU.Build.0 = Debug|Any CPU
		{EA4BF9FA-7046-826E-D21D-878714A66E6A}.Release|Any CPU.ActiveCfg = Release|Any CPU
		{EA4BF9FA-7046-826E-D21D-878714A66E6A}.Release|Any CPU.Build.0 = Release|Any CPU
		{A4A3F8DF-0B84-9103-AF95-AEEDF5FD18D6}.Debug|Any CPU.ActiveCfg = Debug|Any CPU
		{A4A3F8DF-0B84-9103-AF95-AEEDF5FD18D6}.Debug|Any CPU.Build.0 = Debug|Any CPU
		{A4A3F8DF-0B84-9103-AF95-AEEDF5FD18D6}.Release|Any CPU.ActiveCfg = Release|Any CPU
		{A4A3F8DF-0B84-9103-AF95-AEEDF5FD18D6}.Release|Any CPU.Build.0 = Release|Any CPU
		{8ABCE6F5-24DA-15BD-7872-F0966A8EB203}.Debug|Any CPU.ActiveCfg = Debug|Any CPU
		{8ABCE6F5-24DA-15BD-7872-F0966A8EB203}.Debug|Any CPU.Build.0 = Debug|Any CPU
		{8ABCE6F5-24DA-15BD-7872-F0966A8EB203}.Release|Any CPU.ActiveCfg = Release|Any CPU
		{8ABCE6F5-24DA-15BD-7872-F0966A8EB203}.Release|Any CPU.Build.0 = Release|Any CPU
		{EC4F6188-863C-8A44-B5D4-6AFB862FDE86}.Debug|Any CPU.ActiveCfg = Debug|Any CPU
		{EC4F6188-863C-8A44-B5D4-6AFB862FDE86}.Debug|Any CPU.Build.0 = Debug|Any CPU
		{EC4F6188-863C-8A44-B5D4-6AFB862FDE86}.Release|Any CPU.ActiveCfg = Release|Any CPU
		{EC4F6188-863C-8A44-B5D4-6AFB862FDE86}.Release|Any CPU.Build.0 = Release|Any CPU
		{4F4B9195-FEE7-9685-7B88-0A8CA774DA0C}.Debug|Any CPU.ActiveCfg = Debug|Any CPU
		{4F4B9195-FEE7-9685-7B88-0A8CA774DA0C}.Debug|Any CPU.Build.0 = Debug|Any CPU
		{4F4B9195-FEE7-9685-7B88-0A8CA774DA0C}.Release|Any CPU.ActiveCfg = Release|Any CPU
		{4F4B9195-FEE7-9685-7B88-0A8CA774DA0C}.Release|Any CPU.Build.0 = Release|Any CPU
		{56AADA94-CFD3-66A3-8E07-AC0B84BC49DF}.Debug|Any CPU.ActiveCfg = Debug|Any CPU
		{56AADA94-CFD3-66A3-8E07-AC0B84BC49DF}.Debug|Any CPU.Build.0 = Debug|Any CPU
		{56AADA94-CFD3-66A3-8E07-AC0B84BC49DF}.Release|Any CPU.ActiveCfg = Release|Any CPU
		{56AADA94-CFD3-66A3-8E07-AC0B84BC49DF}.Release|Any CPU.Build.0 = Release|Any CPU
		{E6798AA2-038A-7315-FF4F-C2CB4CE37F46}.Debug|Any CPU.ActiveCfg = Debug|Any CPU
		{E6798AA2-038A-7315-FF4F-C2CB4CE37F46}.Debug|Any CPU.Build.0 = Debug|Any CPU
		{E6798AA2-038A-7315-FF4F-C2CB4CE37F46}.Release|Any CPU.ActiveCfg = Release|Any CPU
		{E6798AA2-038A-7315-FF4F-C2CB4CE37F46}.Release|Any CPU.Build.0 = Release|Any CPU
		{9B86F7BB-8E67-75F3-63A3-FDE6926788ED}.Debug|Any CPU.ActiveCfg = Debug|Any CPU
		{9B86F7BB-8E67-75F3-63A3-FDE6926788ED}.Debug|Any CPU.Build.0 = Debug|Any CPU
		{9B86F7BB-8E67-75F3-63A3-FDE6926788ED}.Release|Any CPU.ActiveCfg = Release|Any CPU
		{9B86F7BB-8E67-75F3-63A3-FDE6926788ED}.Release|Any CPU.Build.0 = Release|Any CPU
		{0AC77550-D7A8-E320-7FCE-3E5E7C1E378A}.Debug|Any CPU.ActiveCfg = Debug|Any CPU
		{0AC77550-D7A8-E320-7FCE-3E5E7C1E378A}.Debug|Any CPU.Build.0 = Debug|Any CPU
		{0AC77550-D7A8-E320-7FCE-3E5E7C1E378A}.Release|Any CPU.ActiveCfg = Release|Any CPU
		{0AC77550-D7A8-E320-7FCE-3E5E7C1E378A}.Release|Any CPU.Build.0 = Release|Any CPU
		{724C2E7A-53D3-1B08-144A-C1E06EAF7930}.Debug|Any CPU.ActiveCfg = Debug|Any CPU
		{724C2E7A-53D3-1B08-144A-C1E06EAF7930}.Debug|Any CPU.Build.0 = Debug|Any CPU
		{724C2E7A-53D3-1B08-144A-C1E06EAF7930}.Release|Any CPU.ActiveCfg = Release|Any CPU
		{724C2E7A-53D3-1B08-144A-C1E06EAF7930}.Release|Any CPU.Build.0 = Release|Any CPU
		{4B4D7676-D2BD-EED9-1A50-7FE45320566C}.Debug|Any CPU.ActiveCfg = Debug|Any CPU
		{4B4D7676-D2BD-EED9-1A50-7FE45320566C}.Debug|Any CPU.Build.0 = Debug|Any CPU
		{4B4D7676-D2BD-EED9-1A50-7FE45320566C}.Release|Any CPU.ActiveCfg = Release|Any CPU
		{4B4D7676-D2BD-EED9-1A50-7FE45320566C}.Release|Any CPU.Build.0 = Release|Any CPU
		{B8BE09E3-8D0E-8FDE-BA03-69B6823DFB03}.Debug|Any CPU.ActiveCfg = Debug|Any CPU
		{B8BE09E3-8D0E-8FDE-BA03-69B6823DFB03}.Debug|Any CPU.Build.0 = Debug|Any CPU
		{B8BE09E3-8D0E-8FDE-BA03-69B6823DFB03}.Release|Any CPU.ActiveCfg = Release|Any CPU
		{B8BE09E3-8D0E-8FDE-BA03-69B6823DFB03}.Release|Any CPU.Build.0 = Release|Any CPU
		{B2ABEF8D-3D6F-73B3-A2EA-2B15C3570D30}.Debug|Any CPU.ActiveCfg = Debug|Any CPU
		{B2ABEF8D-3D6F-73B3-A2EA-2B15C3570D30}.Debug|Any CPU.Build.0 = Debug|Any CPU
		{B2ABEF8D-3D6F-73B3-A2EA-2B15C3570D30}.Release|Any CPU.ActiveCfg = Release|Any CPU
		{B2ABEF8D-3D6F-73B3-A2EA-2B15C3570D30}.Release|Any CPU.Build.0 = Release|Any CPU
		{0D4FF5F1-F131-2838-D40C-F2B0C1F52C7B}.Debug|Any CPU.ActiveCfg = Debug|Any CPU
		{0D4FF5F1-F131-2838-D40C-F2B0C1F52C7B}.Debug|Any CPU.Build.0 = Debug|Any CPU
		{0D4FF5F1-F131-2838-D40C-F2B0C1F52C7B}.Release|Any CPU.ActiveCfg = Release|Any CPU
		{0D4FF5F1-F131-2838-D40C-F2B0C1F52C7B}.Release|Any CPU.Build.0 = Release|Any CPU
		{5215A706-1A49-68BA-762C-2E34AE80BEA3}.Debug|Any CPU.ActiveCfg = Debug|Any CPU
		{5215A706-1A49-68BA-762C-2E34AE80BEA3}.Debug|Any CPU.Build.0 = Debug|Any CPU
		{5215A706-1A49-68BA-762C-2E34AE80BEA3}.Release|Any CPU.ActiveCfg = Release|Any CPU
		{5215A706-1A49-68BA-762C-2E34AE80BEA3}.Release|Any CPU.Build.0 = Release|Any CPU
		{9A3AF270-6C1C-3CEA-62BF-9584B0F5BDDC}.Debug|Any CPU.ActiveCfg = Debug|Any CPU
		{9A3AF270-6C1C-3CEA-62BF-9584B0F5BDDC}.Debug|Any CPU.Build.0 = Debug|Any CPU
		{9A3AF270-6C1C-3CEA-62BF-9584B0F5BDDC}.Release|Any CPU.ActiveCfg = Release|Any CPU
		{9A3AF270-6C1C-3CEA-62BF-9584B0F5BDDC}.Release|Any CPU.Build.0 = Release|Any CPU
		{DA312D63-C500-AB0F-D289-3907EA117D91}.Debug|Any CPU.ActiveCfg = Debug|Any CPU
		{DA312D63-C500-AB0F-D289-3907EA117D91}.Debug|Any CPU.Build.0 = Debug|Any CPU
		{DA312D63-C500-AB0F-D289-3907EA117D91}.Release|Any CPU.ActiveCfg = Release|Any CPU
		{DA312D63-C500-AB0F-D289-3907EA117D91}.Release|Any CPU.Build.0 = Release|Any CPU
		{FB30A7EE-EE03-CD3C-76D5-44A28C77475A}.Debug|Any CPU.ActiveCfg = Debug|Any CPU
		{FB30A7EE-EE03-CD3C-76D5-44A28C77475A}.Debug|Any CPU.Build.0 = Debug|Any CPU
		{FB30A7EE-EE03-CD3C-76D5-44A28C77475A}.Release|Any CPU.ActiveCfg = Release|Any CPU
		{FB30A7EE-EE03-CD3C-76D5-44A28C77475A}.Release|Any CPU.Build.0 = Release|Any CPU
	EndGlobalSection
	GlobalSection(SolutionProperties) = preSolution
		HideSolutionNode = FALSE
	EndGlobalSection
EndGlobal
